
Microsoft Visual Studio Solution File, Format Version 12.00
# Visual Studio Version 16
VisualStudioVersion = 16.0.29613.14
MinimumVisualStudioVersion = 10.0.40219.1
Project("{9A19103F-16F7-4668-BE54-9A1E7A4F7556}") = "CircuitBreakerPattern.Api", "CircuitBreakerPattern.Api\CircuitBreakerPattern.Api.csproj", "{74512065-7CD3-43DF-83FC-9FF250FB19A3}"
EndProject
Project("{9A19103F-16F7-4668-BE54-9A1E7A4F7556}") = "CircuitBreakerPattern.ExternalApi", "CircuitBreakerPattern.ExternalApi\CircuitBreakerPattern.ExternalApi.csproj", "{7F1E882E-797C-479B-9D0E-358E44BDBD74}"
EndProject
Project("{9A19103F-16F7-4668-BE54-9A1E7A4F7556}") = "CircuitBreakerPattern.Models", "CircuitBreakerPattern.Models\CircuitBreakerPattern.Models.csproj", "{A0000536-0983-4CB6-8BFF-8F90BCB81D75}"
EndProject
Project("{2150E333-8FDC-42A3-9474-1A3956D46DE8}") = "Solution Items", "Solution Items", "{6620227B-2B23-48B1-8C16-7B1B3479BE88}"
	ProjectSection(SolutionItems) = preProject
		postman_collection.json = postman_collection.json
	EndProjectSection
EndProject
Global
	GlobalSection(SolutionConfigurationPlatforms) = preSolution
		Debug|Any CPU = Debug|Any CPU
		Release|Any CPU = Release|Any CPU
	EndGlobalSection
	GlobalSection(ProjectConfigurationPlatforms) = postSolution
		{74512065-7CD3-43DF-83FC-9FF250FB19A3}.Debug|Any CPU.ActiveCfg = Debug|Any CPU
		{74512065-7CD3-43DF-83FC-9FF250FB19A3}.Debug|Any CPU.Build.0 = Debug|Any CPU
		{74512065-7CD3-43DF-83FC-9FF250FB19A3}.Release|Any CPU.ActiveCfg = Release|Any CPU
		{74512065-7CD3-43DF-83FC-9FF250FB19A3}.Release|Any CPU.Build.0 = Release|Any CPU
		{7F1E882E-797C-479B-9D0E-358E44BDBD74}.Debug|Any CPU.ActiveCfg = Debug|Any CPU
		{7F1E882E-797C-479B-9D0E-358E44BDBD74}.Debug|Any CPU.Build.0 = Debug|Any CPU
		{7F1E882E-797C-479B-9D0E-358E44BDBD74}.Release|Any CPU.ActiveCfg = Release|Any CPU
		{7F1E882E-797C-479B-9D0E-358E44BDBD74}.Release|Any CPU.Build.0 = Release|Any CPU
		{A0000536-0983-4CB6-8BFF-8F90BCB81D75}.Debug|Any CPU.ActiveCfg = Debug|Any CPU
		{A0000536-0983-4CB6-8BFF-8F90BCB81D75}.Debug|Any CPU.Build.0 = Debug|Any CPU
		{A0000536-0983-4CB6-8BFF-8F90BCB81D75}.Release|Any CPU.ActiveCfg = Release|Any CPU
		{A0000536-0983-4CB6-8BFF-8F90BCB81D75}.Release|Any CPU.Build.0 = Release|Any CPU
	EndGlobalSection
	GlobalSection(SolutionProperties) = preSolution
		HideSolutionNode = FALSE
	EndGlobalSection
	GlobalSection(ExtensibilityGlobals) = postSolution
		SolutionGuid = {D4D2B704-E3B0-45B3-8051-FD3057F38415}
	EndGlobalSection
EndGlobal
